
Microsoft Visual Studio Solution File, Format Version 12.00
# Visual Studio 15
VisualStudioVersion = 15.0.27703.2042
MinimumVisualStudioVersion = 10.0.40219.1
Project("{FAE04EC0-301F-11D3-BF4B-00C04F79EFBC}") = "Tarea 8", "Tarea 8\Tarea 8.csproj", "{2620F83F-573F-4849-8E92-3269B1C8F5F5}"
EndProject
Global
	GlobalSection(SolutionConfigurationPlatforms) = preSolution
		Debug|Any CPU = Debug|Any CPU
		Release|Any CPU = Release|Any CPU
	EndGlobalSection
	GlobalSection(ProjectConfigurationPlatforms) = postSolution
		{2620F83F-573F-4849-8E92-3269B1C8F5F5}.Debug|Any CPU.ActiveCfg = Debug|Any CPU
		{2620F83F-573F-4849-8E92-3269B1C8F5F5}.Debug|Any CPU.Build.0 = Debug|Any CPU
		{2620F83F-573F-4849-8E92-3269B1C8F5F5}.Release|Any CPU.ActiveCfg = Release|Any CPU
		{2620F83F-573F-4849-8E92-3269B1C8F5F5}.Release|Any CPU.Build.0 = Release|Any CPU
	EndGlobalSection
	GlobalSection(SolutionProperties) = preSolution
		HideSolutionNode = FALSE
	EndGlobalSection
	GlobalSection(ExtensibilityGlobals) = postSolution
		SolutionGuid = {3271348C-B684-4B49-AAEC-13DEA430E3F7}
	EndGlobalSection
EndGlobal
